
Microsoft Visual Studio Solution File, Format Version 12.00
# Visual Studio Version 17
VisualStudioVersion = 17.3.32901.215
MinimumVisualStudioVersion = 10.0.40219.1
Project("{FAE04EC0-301F-11D3-BF4B-00C04F79EFBC}") = "PowerShell-HIstoryRemover", "PowerShell-HIstoryRemover\PowerShell-HIstoryRemover.csproj", "{9B0DAEF6-4651-474A-8425-2E0B2F774E41}"
EndProject
Global
	GlobalSection(SolutionConfigurationPlatforms) = preSolution
		Debug|Any CPU = Debug|Any CPU
		Release|Any CPU = Release|Any CPU
	EndGlobalSection
	GlobalSection(ProjectConfigurationPlatforms) = postSolution
		{9B0DAEF6-4651-474A-8425-2E0B2F774E41}.Debug|Any CPU.ActiveCfg = Debug|Any CPU
		{9B0DAEF6-4651-474A-8425-2E0B2F774E41}.Debug|Any CPU.Build.0 = Debug|Any CPU
		{9B0DAEF6-4651-474A-8425-2E0B2F774E41}.Release|Any CPU.ActiveCfg = Release|Any CPU
		{9B0DAEF6-4651-474A-8425-2E0B2F774E41}.Release|Any CPU.Build.0 = Release|Any CPU
	EndGlobalSection
	GlobalSection(SolutionProperties) = preSolution
		HideSolutionNode = FALSE
	EndGlobalSection
	GlobalSection(ExtensibilityGlobals) = postSolution
		SolutionGuid = {8CDA840D-117A-4382-8E0D-F79AF07CAF90}
	EndGlobalSection
EndGlobal
